
Microsoft Visual Studio Solution File, Format Version 12.00
# Visual Studio Version 16
VisualStudioVersion = 16.0.28803.202
MinimumVisualStudioVersion = 10.0.40219.1
Project("{9A19103F-16F7-4668-BE54-9A1E7A4F7556}") = "OdeToFood", "OdeToFood\OdeToFood.csproj", "{FF610CE8-EB68-4F1E-981E-C8A20C86CB4F}"
EndProject
Project("{FAE04EC0-301F-11D3-BF4B-00C04F79EFBC}") = "OdeToFood.Core", "OdeToFood.Core\OdeToFood.Core.csproj", "{1065017A-264A-4742-B3BB-004B1435D0DA}"
EndProject
Project("{FAE04EC0-301F-11D3-BF4B-00C04F79EFBC}") = "OdeToFood.Data", "OdeToFood.Data\OdeToFood.Data.csproj", "{DC73DEDF-6FDA-411E-85A5-FE45E545C3E8}"
EndProject
Global
	GlobalSection(SolutionConfigurationPlatforms) = preSolution
		Debug|Any CPU = Debug|Any CPU
		Release|Any CPU = Release|Any CPU
	EndGlobalSection
	GlobalSection(ProjectConfigurationPlatforms) = postSolution
		{FF610CE8-EB68-4F1E-981E-C8A20C86CB4F}.Debug|Any CPU.ActiveCfg = Debug|Any CPU
		{FF610CE8-EB68-4F1E-981E-C8A20C86CB4F}.Debug|Any CPU.Build.0 = Debug|Any CPU
		{FF610CE8-EB68-4F1E-981E-C8A20C86CB4F}.Release|Any CPU.ActiveCfg = Release|Any CPU
		{FF610CE8-EB68-4F1E-981E-C8A20C86CB4F}.Release|Any CPU.Build.0 = Release|Any CPU
		{1065017A-264A-4742-B3BB-004B1435D0DA}.Debug|Any CPU.ActiveCfg = Debug|Any CPU
		{1065017A-264A-4742-B3BB-004B1435D0DA}.Debug|Any CPU.Build.0 = Debug|Any CPU
		{1065017A-264A-4742-B3BB-004B1435D0DA}.Release|Any CPU.ActiveCfg = Release|Any CPU
		{1065017A-264A-4742-B3BB-004B1435D0DA}.Release|Any CPU.Build.0 = Release|Any CPU
		{DC73DEDF-6FDA-411E-85A5-FE45E545C3E8}.Debug|Any CPU.ActiveCfg = Debug|Any CPU
		{DC73DEDF-6FDA-411E-85A5-FE45E545C3E8}.Debug|Any CPU.Build.0 = Debug|Any CPU
		{DC73DEDF-6FDA-411E-85A5-FE45E545C3E8}.Release|Any CPU.ActiveCfg = Release|Any CPU
		{DC73DEDF-6FDA-411E-85A5-FE45E545C3E8}.Release|Any CPU.Build.0 = Release|Any CPU
	EndGlobalSection
	GlobalSection(SolutionProperties) = preSolution
		HideSolutionNode = FALSE
	EndGlobalSection
	GlobalSection(ExtensibilityGlobals) = postSolution
		SolutionGuid = {92EAD7C0-FEA0-45E0-BBBF-7ED30FC7FE6B}
	EndGlobalSection
EndGlobal
